
Microsoft Visual Studio Solution File, Format Version 12.00
# Visual Studio 2013
VisualStudioVersion = 12.0.31101.0
MinimumVisualStudioVersion = 10.0.40219.1
Project("{FAE04EC0-301F-11D3-BF4B-00C04F79EFBC}") = "Problem 1. HumanStudentWorker", "Problem 1. HumanStudentWorker\Problem 1. HumanStudentWorker.csproj", "{940AC788-EF77-4631-8398-F7F3E1329945}"
EndProject
Project("{FAE04EC0-301F-11D3-BF4B-00C04F79EFBC}") = "Problem 2. Animals", "Problem 2. Animals\Problem 2. Animals.csproj", "{C5E0D1D0-F135-4BB0-8141-91A62EDBD780}"
EndProject
Project("{FAE04EC0-301F-11D3-BF4B-00C04F79EFBC}") = "CompanyHierarchy", "CompanyHierarchy\CompanyHierarchy.csproj", "{263A8035-6A6A-46F1-A8BA-6DAD5143B98A}"
EndProject
Global
	GlobalSection(SolutionConfigurationPlatforms) = preSolution
		Debug|Any CPU = Debug|Any CPU
		Release|Any CPU = Release|Any CPU
	EndGlobalSection
	GlobalSection(ProjectConfigurationPlatforms) = postSolution
		{940AC788-EF77-4631-8398-F7F3E1329945}.Debug|Any CPU.ActiveCfg = Debug|Any CPU
		{940AC788-EF77-4631-8398-F7F3E1329945}.Debug|Any CPU.Build.0 = Debug|Any CPU
		{940AC788-EF77-4631-8398-F7F3E1329945}.Release|Any CPU.ActiveCfg = Release|Any CPU
		{940AC788-EF77-4631-8398-F7F3E1329945}.Release|Any CPU.Build.0 = Release|Any CPU
		{C5E0D1D0-F135-4BB0-8141-91A62EDBD780}.Debug|Any CPU.ActiveCfg = Debug|Any CPU
		{C5E0D1D0-F135-4BB0-8141-91A62EDBD780}.Debug|Any CPU.Build.0 = Debug|Any CPU
		{C5E0D1D0-F135-4BB0-8141-91A62EDBD780}.Release|Any CPU.ActiveCfg = Release|Any CPU
		{C5E0D1D0-F135-4BB0-8141-91A62EDBD780}.Release|Any CPU.Build.0 = Release|Any CPU
		{263A8035-6A6A-46F1-A8BA-6DAD5143B98A}.Debug|Any CPU.ActiveCfg = Debug|Any CPU
		{263A8035-6A6A-46F1-A8BA-6DAD5143B98A}.Debug|Any CPU.Build.0 = Debug|Any CPU
		{263A8035-6A6A-46F1-A8BA-6DAD5143B98A}.Release|Any CPU.ActiveCfg = Release|Any CPU
		{263A8035-6A6A-46F1-A8BA-6DAD5143B98A}.Release|Any CPU.Build.0 = Release|Any CPU
	EndGlobalSection
	GlobalSection(SolutionProperties) = preSolution
		HideSolutionNode = FALSE
	EndGlobalSection
EndGlobal
